
Microsoft Visual Studio Solution File, Format Version 12.00
# Visual Studio Version 17
VisualStudioVersion = 17.7.34024.191
MinimumVisualStudioVersion = 10.0.40219.1
Project("{8BC9CEB8-8B4A-11D0-8D11-00A0C91BC942}") = "lab8", "lab8\lab8.vcxproj", "{ECAA2C30-9B15-4B30-8A8D-8AAF99BD4069}"
EndProject
Global
	GlobalSection(SolutionConfigurationPlatforms) = preSolution
		Debug|x64 = Debug|x64
		Debug|x86 = Debug|x86
		Release|x64 = Release|x64
		Release|x86 = Release|x86
	EndGlobalSection
	GlobalSection(ProjectConfigurationPlatforms) = postSolution
		{ECAA2C30-9B15-4B30-8A8D-8AAF99BD4069}.Debug|x64.ActiveCfg = Debug|x64
		{ECAA2C30-9B15-4B30-8A8D-8AAF99BD4069}.Debug|x64.Build.0 = Debug|x64
		{ECAA2C30-9B15-4B30-8A8D-8AAF99BD4069}.Debug|x86.ActiveCfg = Debug|Win32
		{ECAA2C30-9B15-4B30-8A8D-8AAF99BD4069}.Debug|x86.Build.0 = Debug|Win32
		{ECAA2C30-9B15-4B30-8A8D-8AAF99BD4069}.Release|x64.ActiveCfg = Release|x64
		{ECAA2C30-9B15-4B30-8A8D-8AAF99BD4069}.Release|x64.Build.0 = Release|x64
		{ECAA2C30-9B15-4B30-8A8D-8AAF99BD4069}.Release|x86.ActiveCfg = Release|Win32
		{ECAA2C30-9B15-4B30-8A8D-8AAF99BD4069}.Release|x86.Build.0 = Release|Win32
	EndGlobalSection
	GlobalSection(SolutionProperties) = preSolution
		HideSolutionNode = FALSE
	EndGlobalSection
	GlobalSection(ExtensibilityGlobals) = postSolution
		SolutionGuid = {8C66F4E1-93B1-4F74-B96D-07BB951E8B50}
	EndGlobalSection
EndGlobal
